
Microsoft Visual Studio Solution File, Format Version 12.00
# Visual Studio Version 17
VisualStudioVersion = 17.0.32112.339
MinimumVisualStudioVersion = 10.0.40219.1
Project("{FAE04EC0-301F-11D3-BF4B-00C04F79EFBC}") = "Mysql", "Mysql\Mysql.csproj", "{4F56FE09-B302-43AA-B745-A9CA8949447C}"
EndProject
Global
	GlobalSection(SolutionConfigurationPlatforms) = preSolution
		Debug|Any CPU = Debug|Any CPU
		Release|Any CPU = Release|Any CPU
	EndGlobalSection
	GlobalSection(ProjectConfigurationPlatforms) = postSolution
		{4F56FE09-B302-43AA-B745-A9CA8949447C}.Debug|Any CPU.ActiveCfg = Debug|Any CPU
		{4F56FE09-B302-43AA-B745-A9CA8949447C}.Debug|Any CPU.Build.0 = Debug|Any CPU
		{4F56FE09-B302-43AA-B745-A9CA8949447C}.Release|Any CPU.ActiveCfg = Release|Any CPU
		{4F56FE09-B302-43AA-B745-A9CA8949447C}.Release|Any CPU.Build.0 = Release|Any CPU
	EndGlobalSection
	GlobalSection(SolutionProperties) = preSolution
		HideSolutionNode = FALSE
	EndGlobalSection
	GlobalSection(ExtensibilityGlobals) = postSolution
		SolutionGuid = {82BFC09B-52E0-493B-974A-BD057DC353DC}
	EndGlobalSection
EndGlobal
